
Microsoft Visual Studio Solution File, Format Version 12.00
# Visual Studio Version 17
VisualStudioVersion = 17.7.34202.233
MinimumVisualStudioVersion = 10.0.40219.1
Project("{FAE04EC0-301F-11D3-BF4B-00C04F79EFBC}") = "팀프로젝트 구구단", "팀프로젝트 구구단\팀프로젝트 구구단.csproj", "{4E5AB250-FAEF-4BD3-A686-558BDC1D049D}"
EndProject
Global
	GlobalSection(SolutionConfigurationPlatforms) = preSolution
		Debug|Any CPU = Debug|Any CPU
		Release|Any CPU = Release|Any CPU
	EndGlobalSection
	GlobalSection(ProjectConfigurationPlatforms) = postSolution
		{4E5AB250-FAEF-4BD3-A686-558BDC1D049D}.Debug|Any CPU.ActiveCfg = Debug|Any CPU
		{4E5AB250-FAEF-4BD3-A686-558BDC1D049D}.Debug|Any CPU.Build.0 = Debug|Any CPU
		{4E5AB250-FAEF-4BD3-A686-558BDC1D049D}.Release|Any CPU.ActiveCfg = Release|Any CPU
		{4E5AB250-FAEF-4BD3-A686-558BDC1D049D}.Release|Any CPU.Build.0 = Release|Any CPU
	EndGlobalSection
	GlobalSection(SolutionProperties) = preSolution
		HideSolutionNode = FALSE
	EndGlobalSection
	GlobalSection(ExtensibilityGlobals) = postSolution
		SolutionGuid = {9CCCFD65-86E1-4736-ABE3-3ABB337E6956}
	EndGlobalSection
EndGlobal
