
Microsoft Visual Studio Solution File, Format Version 12.00
# Visual Studio Version 17
VisualStudioVersion = 17.7.34024.191
MinimumVisualStudioVersion = 10.0.40219.1
Project("{FAE04EC0-301F-11D3-BF4B-00C04F79EFBC}") = "가바보", "가바보\가바보.csproj", "{F42F6A83-718D-4AA0-B807-F865E08BB117}"
EndProject
Global
	GlobalSection(SolutionConfigurationPlatforms) = preSolution
		Debug|Any CPU = Debug|Any CPU
		Release|Any CPU = Release|Any CPU
	EndGlobalSection
	GlobalSection(ProjectConfigurationPlatforms) = postSolution
		{F42F6A83-718D-4AA0-B807-F865E08BB117}.Debug|Any CPU.ActiveCfg = Debug|Any CPU
		{F42F6A83-718D-4AA0-B807-F865E08BB117}.Debug|Any CPU.Build.0 = Debug|Any CPU
		{F42F6A83-718D-4AA0-B807-F865E08BB117}.Release|Any CPU.ActiveCfg = Release|Any CPU
		{F42F6A83-718D-4AA0-B807-F865E08BB117}.Release|Any CPU.Build.0 = Release|Any CPU
	EndGlobalSection
	GlobalSection(SolutionProperties) = preSolution
		HideSolutionNode = FALSE
	EndGlobalSection
	GlobalSection(ExtensibilityGlobals) = postSolution
		SolutionGuid = {638EF3AC-042F-451E-A4B7-D049A496D721}
	EndGlobalSection
EndGlobal
